// !$*UTF8*$!
{
	archiveVersion = 1;
	classes = {
	};
	objectVersion = 48;
	objects = {

/* Begin PBXBuildFile section */
		2E00CCCA1FCF0B4A0017EDB1 /* WebKit.framework in Frameworks */ = {isa = PBXBuildFile; fileRef = 2E00CCC91FCF0B4A0017EDB1 /* WebKit.framework */; };
		2E2957CA1FE176D300CF353F /* Utilities.swift in Sources */ = {isa = PBXBuildFile; fileRef = 2E2957C91FE176D300CF353F /* Utilities.swift */; };
		2E2957CC1FE176F800CF353F /* StarField.sks in Resources */ = {isa = PBXBuildFile; fileRef = 2E2957CB1FE176F800CF353F /* StarField.sks */; };
		2E2957D21FE177C500CF353F /* Invader.swift in Sources */ = {isa = PBXBuildFile; fileRef = 2E2957CD1FE177C400CF353F /* Invader.swift */; };
		2E2957D31FE177C500CF353F /* InvaderLaser.swift in Sources */ = {isa = PBXBuildFile; fileRef = 2E2957CE1FE177C400CF353F /* InvaderLaser.swift */; };
		2E2957D41FE177C500CF353F /* Player.swift in Sources */ = {isa = PBXBuildFile; fileRef = 2E2957CF1FE177C400CF353F /* Player.swift */; };
		2E2957D51FE177C500CF353F /* PlayerLaser.swift in Sources */ = {isa = PBXBuildFile; fileRef = 2E2957D01FE177C500CF353F /* PlayerLaser.swift */; };
		2E2957D61FE177C500CF353F /* Projectile.swift in Sources */ = {isa = PBXBuildFile; fileRef = 2E2957D11FE177C500CF353F /* Projectile.swift */; };
		2E2957DC1FE1827300CF353F /* LevelCompleteScene.swift in Sources */ = {isa = PBXBuildFile; fileRef = 2E2957D91FE1827100CF353F /* LevelCompleteScene.swift */; };
		2E2957DD1FE1827300CF353F /* GameScene.swift in Sources */ = {isa = PBXBuildFile; fileRef = 2E2957DA1FE1827100CF353F /* GameScene.swift */; };
		2E2957DE1FE1827300CF353F /* StartScene.swift in Sources */ = {isa = PBXBuildFile; fileRef = 2E2957DB1FE1827200CF353F /* StartScene.swift */; };
		2E42B9931FD6EFDB00573CBE /* DrawingView.swift in Sources */ = {isa = PBXBuildFile; fileRef = 2E42B9921FD6EFDB00573CBE /* DrawingView.swift */; };
		2E5140E61FD99C7500131B9B /* ArtCell.swift in Sources */ = {isa = PBXBuildFile; fileRef = 2E5140E51FD99C7500131B9B /* ArtCell.swift */; };
		2E806C9B1FA2203C002584D8 /* AppDelegate.swift in Sources */ = {isa = PBXBuildFile; fileRef = 2E806C9A1FA2203C002584D8 /* AppDelegate.swift */; };
		2E806C9D1FA2203C002584D8 /* ViewController.swift in Sources */ = {isa = PBXBuildFile; fileRef = 2E806C9C1FA2203C002584D8 /* ViewController.swift */; };
		2E806CA01FA2203C002584D8 /* Main.storyboard in Resources */ = {isa = PBXBuildFile; fileRef = 2E806C9E1FA2203C002584D8 /* Main.storyboard */; };
		2E806CA21FA2203C002584D8 /* Assets.xcassets in Resources */ = {isa = PBXBuildFile; fileRef = 2E806CA11FA2203C002584D8 /* Assets.xcassets */; };
		2E806CA51FA2203C002584D8 /* LaunchScreen.storyboard in Resources */ = {isa = PBXBuildFile; fileRef = 2E806CA31FA2203C002584D8 /* LaunchScreen.storyboard */; };
		2E806CD21FA22500002584D8 /* CreativityController.swift in Sources */ = {isa = PBXBuildFile; fileRef = 2E806CD11FA22500002584D8 /* CreativityController.swift */; };
		2E806CD41FA22516002584D8 /* ProgrammingController.swift in Sources */ = {isa = PBXBuildFile; fileRef = 2E806CD31FA22516002584D8 /* ProgrammingController.swift */; };
		2E806CD81FA22543002584D8 /* GlobalImpactController.swift in Sources */ = {isa = PBXBuildFile; fileRef = 2E806CD71FA22543002584D8 /* GlobalImpactController.swift */; };
		2E806CDA1FA22561002584D8 /* AbstractionController.swift in Sources */ = {isa = PBXBuildFile; fileRef = 2E806CD91FA22561002584D8 /* AbstractionController.swift */; };
		2E806CDC1FA22572002584D8 /* DataAndInformationController.swift in Sources */ = {isa = PBXBuildFile; fileRef = 2E806CDB1FA22572002584D8 /* DataAndInformationController.swift */; };
		2E806CDE1FA22589002584D8 /* AlgorithmController.swift in Sources */ = {isa = PBXBuildFile; fileRef = 2E806CDD1FA22589002584D8 /* AlgorithmController.swift */; };
		2EA2AF891FE9687000B44B02 /* DeathScene.swift in Sources */ = {isa = PBXBuildFile; fileRef = 2EA2AF881FE9687000B44B02 /* DeathScene.swift */; };
		2EED73041FC32C0D0062315E /* Wearable.swift in Sources */ = {isa = PBXBuildFile; fileRef = 2EED73031FC32C0D0062315E /* Wearable.swift */; };
		2EED73061FC32C180062315E /* DebugWear.swift in Sources */ = {isa = PBXBuildFile; fileRef = 2EED73051FC32C180062315E /* DebugWear.swift */; };
		2EFBF7B51FDED18100AF8DB4 /* InternetDetailViewController.swift in Sources */ = {isa = PBXBuildFile; fileRef = 2EFBF7B31FDED18100AF8DB4 /* InternetDetailViewController.swift */; };
		2EFBF7B61FDED18100AF8DB4 /* InternetMasterViewController.swift in Sources */ = {isa = PBXBuildFile; fileRef = 2EFBF7B41FDED18100AF8DB4 /* InternetMasterViewController.swift */; };
/* End PBXBuildFile section */

/* Begin PBXContainerItemProxy section */
		2E806CAC1FA2203C002584D8 /* PBXContainerItemProxy */ = {
			isa = PBXContainerItemProxy;
			containerPortal = 2E806C8F1FA2203C002584D8 /* Project object */;
			proxyType = 1;
			remoteGlobalIDString = 2E806C961FA2203C002584D8;
			remoteInfo = Mason_CSPAPP;
		};
		2E806CB71FA2203C002584D8 /* PBXContainerItemProxy */ = {
			isa = PBXContainerItemProxy;
			containerPortal = 2E806C8F1FA2203C002584D8 /* Project object */;
			proxyType = 1;
			remoteGlobalIDString = 2E806C961FA2203C002584D8;
			remoteInfo = Mason_CSPAPP;
		};
/* End PBXContainerItemProxy section */

/* Begin PBXFileReference section */
		2E00CCC91FCF0B4A0017EDB1 /* WebKit.framework */ = {isa = PBXFileReference; lastKnownFileType = wrapper.framework; name = WebKit.framework; path = System/Library/Frameworks/WebKit.framework; sourceTree = SDKROOT; };
		2E2957C91FE176D300CF353F /* Utilities.swift */ = {isa = PBXFileReference; fileEncoding = 4; lastKnownFileType = sourcecode.swift; path = Utilities.swift; sourceTree = "<group>"; };
		2E2957CB1FE176F800CF353F /* StarField.sks */ = {isa = PBXFileReference; lastKnownFileType = file.sks; path = StarField.sks; sourceTree = "<group>"; };
		2E2957CD1FE177C400CF353F /* Invader.swift */ = {isa = PBXFileReference; fileEncoding = 4; lastKnownFileType = sourcecode.swift; path = Invader.swift; sourceTree = "<group>"; };
		2E2957CE1FE177C400CF353F /* InvaderLaser.swift */ = {isa = PBXFileReference; fileEncoding = 4; lastKnownFileType = sourcecode.swift; path = InvaderLaser.swift; sourceTree = "<group>"; };
		2E2957CF1FE177C400CF353F /* Player.swift */ = {isa = PBXFileReference; fileEncoding = 4; lastKnownFileType = sourcecode.swift; path = Player.swift; sourceTree = "<group>"; };
		2E2957D01FE177C500CF353F /* PlayerLaser.swift */ = {isa = PBXFileReference; fileEncoding = 4; lastKnownFileType = sourcecode.swift; path = PlayerLaser.swift; sourceTree = "<group>"; };
		2E2957D11FE177C500CF353F /* Projectile.swift */ = {isa = PBXFileReference; fileEncoding = 4; lastKnownFileType = sourcecode.swift; path = Projectile.swift; sourceTree = "<group>"; };
		2E2957D91FE1827100CF353F /* LevelCompleteScene.swift */ = {isa = PBXFileReference; lastKnownFileType = sourcecode.swift; path = LevelCompleteScene.swift; sourceTree = "<group>"; };
		2E2957DA1FE1827100CF353F /* GameScene.swift */ = {isa = PBXFileReference; lastKnownFileType = sourcecode.swift; path = GameScene.swift; sourceTree = "<group>"; };
		2E2957DB1FE1827200CF353F /* StartScene.swift */ = {isa = PBXFileReference; lastKnownFileType = sourcecode.swift; path = StartScene.swift; sourceTree = "<group>"; };
		2E2957E01FE18C6F00CF353F /* powerup sound.mp3 */ = {isa = PBXFileReference; lastKnownFileType = audio.mp3; path = "powerup sound.mp3"; sourceTree = "<group>"; };
		2E2957E11FE18C7000CF353F /* laser sound.mp3 */ = {isa = PBXFileReference; lastKnownFileType = audio.mp3; path = "laser sound.mp3"; sourceTree = "<group>"; };
		2E2957E21FE18C7000CF353F /* extra sound.mp3 */ = {isa = PBXFileReference; lastKnownFileType = audio.mp3; path = "extra sound.mp3"; sourceTree = "<group>"; };
		2E2957E31FE18C7000CF353F /* boss sound.mp3 */ = {isa = PBXFileReference; lastKnownFileType = audio.mp3; path = "boss sound.mp3"; sourceTree = "<group>"; };
		2E2957E41FE18C7000CF353F /* invader sound.mp3 */ = {isa = PBXFileReference; lastKnownFileType = audio.mp3; path = "invader sound.mp3"; sourceTree = "<group>"; };
		2E42B9921FD6EFDB00573CBE /* DrawingView.swift */ = {isa = PBXFileReference; lastKnownFileType = sourcecode.swift; path = DrawingView.swift; sourceTree = "<group>"; };
		2E5140E51FD99C7500131B9B /* ArtCell.swift */ = {isa = PBXFileReference; lastKnownFileType = sourcecode.swift; path = ArtCell.swift; sourceTree = "<group>"; };
		2E806C971FA2203C002584D8 /* Mason_CSPAPP.app */ = {isa = PBXFileReference; explicitFileType = wrapper.application; includeInIndex = 0; path = Mason_CSPAPP.app; sourceTree = BUILT_PRODUCTS_DIR; };
		2E806C9A1FA2203C002584D8 /* AppDelegate.swift */ = {isa = PBXFileReference; lastKnownFileType = sourcecode.swift; path = AppDelegate.swift; sourceTree = "<group>"; };
		2E806C9C1FA2203C002584D8 /* ViewController.swift */ = {isa = PBXFileReference; lastKnownFileType = sourcecode.swift; path = ViewController.swift; sourceTree = "<group>"; };
		2E806C9F1FA2203C002584D8 /* Base */ = {isa = PBXFileReference; lastKnownFileType = file.storyboard; name = Base; path = Base.lproj/Main.storyboard; sourceTree = "<group>"; };
		2E806CA11FA2203C002584D8 /* Assets.xcassets */ = {isa = PBXFileReference; lastKnownFileType = folder.assetcatalog; path = Assets.xcassets; sourceTree = "<group>"; };
		2E806CA41FA2203C002584D8 /* Base */ = {isa = PBXFileReference; lastKnownFileType = file.storyboard; name = Base; path = Base.lproj/LaunchScreen.storyboard; sourceTree = "<group>"; };
		2E806CA61FA2203C002584D8 /* Info.plist */ = {isa = PBXFileReference; lastKnownFileType = text.plist.xml; path = Info.plist; sourceTree = "<group>"; };
		2E806CAB1FA2203C002584D8 /* Mason_CSPAPPTests.xctest */ = {isa = PBXFileReference; explicitFileType = wrapper.cfbundle; includeInIndex = 0; path = Mason_CSPAPPTests.xctest; sourceTree = BUILT_PRODUCTS_DIR; };
		2E806CB61FA2203C002584D8 /* Mason_CSPAPPUITests.xctest */ = {isa = PBXFileReference; explicitFileType = wrapper.cfbundle; includeInIndex = 0; path = Mason_CSPAPPUITests.xctest; sourceTree = BUILT_PRODUCTS_DIR; };
		2E806CD11FA22500002584D8 /* CreativityController.swift */ = {isa = PBXFileReference; lastKnownFileType = sourcecode.swift; path = CreativityController.swift; sourceTree = "<group>"; };
		2E806CD31FA22516002584D8 /* ProgrammingController.swift */ = {isa = PBXFileReference; lastKnownFileType = sourcecode.swift; path = ProgrammingController.swift; sourceTree = "<group>"; };
		2E806CD71FA22543002584D8 /* GlobalImpactController.swift */ = {isa = PBXFileReference; lastKnownFileType = sourcecode.swift; path = GlobalImpactController.swift; sourceTree = "<group>"; };
		2E806CD91FA22561002584D8 /* AbstractionController.swift */ = {isa = PBXFileReference; lastKnownFileType = sourcecode.swift; path = AbstractionController.swift; sourceTree = "<group>"; };
		2E806CDB1FA22572002584D8 /* DataAndInformationController.swift */ = {isa = PBXFileReference; lastKnownFileType = sourcecode.swift; path = DataAndInformationController.swift; sourceTree = "<group>"; };
		2E806CDD1FA22589002584D8 /* AlgorithmController.swift */ = {isa = PBXFileReference; lastKnownFileType = sourcecode.swift; path = AlgorithmController.swift; sourceTree = "<group>"; };
		2EA2AF881FE9687000B44B02 /* DeathScene.swift */ = {isa = PBXFileReference; lastKnownFileType = sourcecode.swift; path = DeathScene.swift; sourceTree = "<group>"; };
		2EED73031FC32C0D0062315E /* Wearable.swift */ = {isa = PBXFileReference; lastKnownFileType = sourcecode.swift; path = Wearable.swift; sourceTree = "<group>"; };
		2EED73051FC32C180062315E /* DebugWear.swift */ = {isa = PBXFileReference; lastKnownFileType = sourcecode.swift; path = DebugWear.swift; sourceTree = "<group>"; };
		2EFBF7B31FDED18100AF8DB4 /* InternetDetailViewController.swift */ = {isa = PBXFileReference; fileEncoding = 4; lastKnownFileType = sourcecode.swift; path = InternetDetailViewController.swift; sourceTree = "<group>"; };
		2EFBF7B41FDED18100AF8DB4 /* InternetMasterViewController.swift */ = {isa = PBXFileReference; fileEncoding = 4; lastKnownFileType = sourcecode.swift; path = InternetMasterViewController.swift; sourceTree = "<group>"; };
/* End PBXFileReference section */

/* Begin PBXFrameworksBuildPhase section */
		2E806C941FA2203C002584D8 /* Frameworks */ = {
			isa = PBXFrameworksBuildPhase;
			buildActionMask = 2147483647;
			files = (
				2E00CCCA1FCF0B4A0017EDB1 /* WebKit.framework in Frameworks */,
			);
			runOnlyForDeploymentPostprocessing = 0;
		};
		2E806CA81FA2203C002584D8 /* Frameworks */ = {
			isa = PBXFrameworksBuildPhase;
			buildActionMask = 2147483647;
			files = (
			);
			runOnlyForDeploymentPostprocessing = 0;
		};
		2E806CB31FA2203C002584D8 /* Frameworks */ = {
			isa = PBXFrameworksBuildPhase;
			buildActionMask = 2147483647;
			files = (
			);
			runOnlyForDeploymentPostprocessing = 0;
		};
/* End PBXFrameworksBuildPhase section */

/* Begin PBXGroup section */
		2E00CCC81FCF0B490017EDB1 /* Frameworks */ = {
			isa = PBXGroup;
			children = (
				2E00CCC91FCF0B4A0017EDB1 /* WebKit.framework */,
			);
			name = Frameworks;
			sourceTree = "<group>";
		};
		2E2957DF1FE1828D00CF353F /* GameController */ = {
			isa = PBXGroup;
			children = (
				2E2957DA1FE1827100CF353F /* GameScene.swift */,
				2E2957D91FE1827100CF353F /* LevelCompleteScene.swift */,
				2E2957DB1FE1827200CF353F /* StartScene.swift */,
				2EA2AF881FE9687000B44B02 /* DeathScene.swift */,
			);
			name = GameController;
			path = Game;
			sourceTree = "<group>";
		};
		2E2957E51FE18C7A00CF353F /* Sounds */ = {
			isa = PBXGroup;
			children = (
				2E2957E31FE18C7000CF353F /* boss sound.mp3 */,
				2E2957E21FE18C7000CF353F /* extra sound.mp3 */,
				2E2957E41FE18C7000CF353F /* invader sound.mp3 */,
				2E2957E11FE18C7000CF353F /* laser sound.mp3 */,
				2E2957E01FE18C6F00CF353F /* powerup sound.mp3 */,
			);
			name = Sounds;
			path = "no u";
			sourceTree = "<group>";
		};
		2E806C8E1FA2203C002584D8 = {
			isa = PBXGroup;
			children = (
				2E806C991FA2203C002584D8 /* Mason_CSPAPP */,
				2E806C981FA2203C002584D8 /* Products */,
				2E00CCC81FCF0B490017EDB1 /* Frameworks */,
			);
			sourceTree = "<group>";
		};
		2E806C981FA2203C002584D8 /* Products */ = {
			isa = PBXGroup;
			children = (
				2E806C971FA2203C002584D8 /* Mason_CSPAPP.app */,
				2E806CAB1FA2203C002584D8 /* Mason_CSPAPPTests.xctest */,
				2E806CB61FA2203C002584D8 /* Mason_CSPAPPUITests.xctest */,
			);
			name = Products;
			sourceTree = "<group>";
		};
		2E806C991FA2203C002584D8 /* Mason_CSPAPP */ = {
			isa = PBXGroup;
			children = (
				2E806CCC1FA220C8002584D8 /* Model */,
				2E806CC81FA2206B002584D8 /* Controller */,
				2E806CC91FA22075002584D8 /* View */,
				2E806CCA1FA22081002584D8 /* Resource */,
			);
			path = Mason_CSPAPP;
			sourceTree = "<group>";
		};
		2E806CC81FA2206B002584D8 /* Controller */ = {
			isa = PBXGroup;
			children = (
				2E2957DF1FE1828D00CF353F /* GameController */,
				2EFBF7B31FDED18100AF8DB4 /* InternetDetailViewController.swift */,
				2EFBF7B41FDED18100AF8DB4 /* InternetMasterViewController.swift */,
				2E806C9A1FA2203C002584D8 /* AppDelegate.swift */,
				2E806C9C1FA2203C002584D8 /* ViewController.swift */,
				2E806CD11FA22500002584D8 /* CreativityController.swift */,
				2E806CD31FA22516002584D8 /* ProgrammingController.swift */,
				2E806CD71FA22543002584D8 /* GlobalImpactController.swift */,
				2E806CD91FA22561002584D8 /* AbstractionController.swift */,
				2E806CDB1FA22572002584D8 /* DataAndInformationController.swift */,
				2E806CDD1FA22589002584D8 /* AlgorithmController.swift */,
				2E5140E51FD99C7500131B9B /* ArtCell.swift */,
			);
			path = Controller;
			sourceTree = "<group>";
		};
		2E806CC91FA22075002584D8 /* View */ = {
			isa = PBXGroup;
			children = (
				2E2957CB1FE176F800CF353F /* StarField.sks */,
				2E806C9E1FA2203C002584D8 /* Main.storyboard */,
				2E806CA31FA2203C002584D8 /* LaunchScreen.storyboard */,
				2E42B9921FD6EFDB00573CBE /* DrawingView.swift */,
			);
			path = View;
			sourceTree = "<group>";
		};
		2E806CCA1FA22081002584D8 /* Resource */ = {
			isa = PBXGroup;
			children = (
				2E2957C91FE176D300CF353F /* Utilities.swift */,
				2E2957E51FE18C7A00CF353F /* Sounds */,
				2E806CA11FA2203C002584D8 /* Assets.xcassets */,
				2E806CA61FA2203C002584D8 /* Info.plist */,
			);
			path = Resource;
			sourceTree = "<group>";
		};
		2E806CCC1FA220C8002584D8 /* Model */ = {
			isa = PBXGroup;
			children = (
				2E2957CD1FE177C400CF353F /* Invader.swift */,
				2E2957CE1FE177C400CF353F /* InvaderLaser.swift */,
				2E2957CF1FE177C400CF353F /* Player.swift */,
				2E2957D01FE177C500CF353F /* PlayerLaser.swift */,
				2E2957D11FE177C500CF353F /* Projectile.swift */,
				2EED73031FC32C0D0062315E /* Wearable.swift */,
				2EED73051FC32C180062315E /* DebugWear.swift */,
			);
			path = Model;
			sourceTree = "<group>";
		};
/* End PBXGroup section */

/* Begin PBXNativeTarget section */
		2E806C961FA2203C002584D8 /* Mason_CSPAPP */ = {
			isa = PBXNativeTarget;
			buildConfigurationList = 2E806CBF1FA2203C002584D8 /* Build configuration list for PBXNativeTarget "Mason_CSPAPP" */;
			buildPhases = (
				2E806C931FA2203C002584D8 /* Sources */,
				2E806C941FA2203C002584D8 /* Frameworks */,
				2E806C951FA2203C002584D8 /* Resources */,
			);
			buildRules = (
			);
			dependencies = (
			);
			name = Mason_CSPAPP;
			productName = Mason_CSPAPP;
			productReference = 2E806C971FA2203C002584D8 /* Mason_CSPAPP.app */;
			productType = "com.apple.product-type.application";
		};
		2E806CAA1FA2203C002584D8 /* Mason_CSPAPPTests */ = {
			isa = PBXNativeTarget;
			buildConfigurationList = 2E806CC21FA2203C002584D8 /* Build configuration list for PBXNativeTarget "Mason_CSPAPPTests" */;
			buildPhases = (
				2E806CA71FA2203C002584D8 /* Sources */,
				2E806CA81FA2203C002584D8 /* Frameworks */,
				2E806CA91FA2203C002584D8 /* Resources */,
			);
			buildRules = (
			);
			dependencies = (
				2E806CAD1FA2203C002584D8 /* PBXTargetDependency */,
			);
			name = Mason_CSPAPPTests;
			productName = Mason_CSPAPPTests;
			productReference = 2E806CAB1FA2203C002584D8 /* Mason_CSPAPPTests.xctest */;
			productType = "com.apple.product-type.bundle.unit-test";
		};
		2E806CB51FA2203C002584D8 /* Mason_CSPAPPUITests */ = {
			isa = PBXNativeTarget;
			buildConfigurationList = 2E806CC51FA2203C002584D8 /* Build configuration list for PBXNativeTarget "Mason_CSPAPPUITests" */;
			buildPhases = (
				2E806CB21FA2203C002584D8 /* Sources */,
				2E806CB31FA2203C002584D8 /* Frameworks */,
				2E806CB41FA2203C002584D8 /* Resources */,
			);
			buildRules = (
			);
			dependencies = (
				2E806CB81FA2203C002584D8 /* PBXTargetDependency */,
			);
			name = Mason_CSPAPPUITests;
			productName = Mason_CSPAPPUITests;
			productReference = 2E806CB61FA2203C002584D8 /* Mason_CSPAPPUITests.xctest */;
			productType = "com.apple.product-type.bundle.ui-testing";
		};
/* End PBXNativeTarget section */

/* Begin PBXProject section */
		2E806C8F1FA2203C002584D8 /* Project object */ = {
			isa = PBXProject;
			attributes = {
				LastSwiftUpdateCheck = 0900;
				LastUpgradeCheck = 0900;
				ORGANIZATIONNAME = "Childers, Mason";
				TargetAttributes = {
					2E806C961FA2203C002584D8 = {
						CreatedOnToolsVersion = 9.0;
						ProvisioningStyle = Automatic;
					};
					2E806CAA1FA2203C002584D8 = {
						CreatedOnToolsVersion = 9.0;
						ProvisioningStyle = Automatic;
						TestTargetID = 2E806C961FA2203C002584D8;
					};
					2E806CB51FA2203C002584D8 = {
						CreatedOnToolsVersion = 9.0;
						ProvisioningStyle = Automatic;
						TestTargetID = 2E806C961FA2203C002584D8;
					};
				};
			};
			buildConfigurationList = 2E806C921FA2203C002584D8 /* Build configuration list for PBXProject "Mason_CSPAPP" */;
			compatibilityVersion = "Xcode 8.0";
			developmentRegion = en;
			hasScannedForEncodings = 0;
			knownRegions = (
				en,
				Base,
			);
			mainGroup = 2E806C8E1FA2203C002584D8;
			productRefGroup = 2E806C981FA2203C002584D8 /* Products */;
			projectDirPath = "";
			projectRoot = "";
			targets = (
				2E806C961FA2203C002584D8 /* Mason_CSPAPP */,
				2E806CAA1FA2203C002584D8 /* Mason_CSPAPPTests */,
				2E806CB51FA2203C002584D8 /* Mason_CSPAPPUITests */,
			);
		};
/* End PBXProject section */

/* Begin PBXResourcesBuildPhase section */
		2E806C951FA2203C002584D8 /* Resources */ = {
			isa = PBXResourcesBuildPhase;
			buildActionMask = 2147483647;
			files = (
				2E2957CC1FE176F800CF353F /* StarField.sks in Resources */,
				2E806CA51FA2203C002584D8 /* LaunchScreen.storyboard in Resources */,
				2E806CA21FA2203C002584D8 /* Assets.xcassets in Resources */,
				2E806CA01FA2203C002584D8 /* Main.storyboard in Resources */,
			);
			runOnlyForDeploymentPostprocessing = 0;
		};
		2E806CA91FA2203C002584D8 /* Resources */ = {
			isa = PBXResourcesBuildPhase;
			buildActionMask = 2147483647;
			files = (
			);
			runOnlyForDeploymentPostprocessing = 0;
		};
		2E806CB41FA2203C002584D8 /* Resources */ = {
			isa = PBXResourcesBuildPhase;
			buildActionMask = 2147483647;
			files = (
			);
			runOnlyForDeploymentPostprocessing = 0;
		};
/* End PBXResourcesBuildPhase section */

/* Begin PBXSourcesBuildPhase section */
		2E806C931FA2203C002584D8 /* Sources */ = {
			isa = PBXSourcesBuildPhase;
			buildActionMask = 2147483647;
			files = (
				2E2957DE1FE1827300CF353F /* StartScene.swift in Sources */,
				2E2957D61FE177C500CF353F /* Projectile.swift in Sources */,
				2E806CDA1FA22561002584D8 /* AbstractionController.swift in Sources */,
				2E2957D21FE177C500CF353F /* Invader.swift in Sources */,
				2E5140E61FD99C7500131B9B /* ArtCell.swift in Sources */,
				2E806CDE1FA22589002584D8 /* AlgorithmController.swift in Sources */,
				2E2957CA1FE176D300CF353F /* Utilities.swift in Sources */,
				2E806CD81FA22543002584D8 /* GlobalImpactController.swift in Sources */,
				2EED73061FC32C180062315E /* DebugWear.swift in Sources */,
				2EFBF7B61FDED18100AF8DB4 /* InternetMasterViewController.swift in Sources */,
				2EFBF7B51FDED18100AF8DB4 /* InternetDetailViewController.swift in Sources */,
				2E42B9931FD6EFDB00573CBE /* DrawingView.swift in Sources */,
				2E806CD21FA22500002584D8 /* CreativityController.swift in Sources */,
				2EED73041FC32C0D0062315E /* Wearable.swift in Sources */,
				2E2957D51FE177C500CF353F /* PlayerLaser.swift in Sources */,
				2E2957D31FE177C500CF353F /* InvaderLaser.swift in Sources */,
				2E806CD41FA22516002584D8 /* ProgrammingController.swift in Sources */,
				2E2957DD1FE1827300CF353F /* GameScene.swift in Sources */,
				2E2957DC1FE1827300CF353F /* LevelCompleteScene.swift in Sources */,
				2E806CDC1FA22572002584D8 /* DataAndInformationController.swift in Sources */,
				2E806C9D1FA2203C002584D8 /* ViewController.swift in Sources */,
				2E2957D41FE177C500CF353F /* Player.swift in Sources */,
				2E806C9B1FA2203C002584D8 /* AppDelegate.swift in Sources */,
				2EA2AF891FE9687000B44B02 /* DeathScene.swift in Sources */,
			);
			runOnlyForDeploymentPostprocessing = 0;
		};
		2E806CA71FA2203C002584D8 /* Sources */ = {
			isa = PBXSourcesBuildPhase;
			buildActionMask = 2147483647;
			files = (
			);
			runOnlyForDeploymentPostprocessing = 0;
		};
		2E806CB21FA2203C002584D8 /* Sources */ = {
			isa = PBXSourcesBuildPhase;
			buildActionMask = 2147483647;
			files = (
			);
			runOnlyForDeploymentPostprocessing = 0;
		};
/* End PBXSourcesBuildPhase section */

/* Begin PBXTargetDependency section */
		2E806CAD1FA2203C002584D8 /* PBXTargetDependency */ = {
			isa = PBXTargetDependency;
			target = 2E806C961FA2203C002584D8 /* Mason_CSPAPP */;
			targetProxy = 2E806CAC1FA2203C002584D8 /* PBXContainerItemProxy */;
		};
		2E806CB81FA2203C002584D8 /* PBXTargetDependency */ = {
			isa = PBXTargetDependency;
			target = 2E806C961FA2203C002584D8 /* Mason_CSPAPP */;
			targetProxy = 2E806CB71FA2203C002584D8 /* PBXContainerItemProxy */;
		};
/* End PBXTargetDependency section */

/* Begin PBXVariantGroup section */
		2E806C9E1FA2203C002584D8 /* Main.storyboard */ = {
			isa = PBXVariantGroup;
			children = (
				2E806C9F1FA2203C002584D8 /* Base */,
			);
			name = Main.storyboard;
			sourceTree = "<group>";
		};
		2E806CA31FA2203C002584D8 /* LaunchScreen.storyboard */ = {
			isa = PBXVariantGroup;
			children = (
				2E806CA41FA2203C002584D8 /* Base */,
			);
			name = LaunchScreen.storyboard;
			sourceTree = "<group>";
		};
/* End PBXVariantGroup section */

/* Begin XCBuildConfiguration section */
		2E806CBD1FA2203C002584D8 /* Debug */ = {
			isa = XCBuildConfiguration;
			buildSettings = {
				ALWAYS_SEARCH_USER_PATHS = NO;
				CLANG_ANALYZER_NONNULL = YES;
				CLANG_ANALYZER_NUMBER_OBJECT_CONVERSION = YES_AGGRESSIVE;
				CLANG_CXX_LANGUAGE_STANDARD = "gnu++14";
				CLANG_CXX_LIBRARY = "libc++";
				CLANG_ENABLE_MODULES = YES;
				CLANG_ENABLE_OBJC_ARC = YES;
				CLANG_WARN_BLOCK_CAPTURE_AUTORELEASING = YES;
				CLANG_WARN_BOOL_CONVERSION = YES;
				CLANG_WARN_COMMA = YES;
				CLANG_WARN_CONSTANT_CONVERSION = YES;
				CLANG_WARN_DIRECT_OBJC_ISA_USAGE = YES_ERROR;
				CLANG_WARN_DOCUMENTATION_COMMENTS = YES;
				CLANG_WARN_EMPTY_BODY = YES;
				CLANG_WARN_ENUM_CONVERSION = YES;
				CLANG_WARN_INFINITE_RECURSION = YES;
				CLANG_WARN_INT_CONVERSION = YES;
				CLANG_WARN_NON_LITERAL_NULL_CONVERSION = YES;
				CLANG_WARN_OBJC_LITERAL_CONVERSION = YES;
				CLANG_WARN_OBJC_ROOT_CLASS = YES_ERROR;
				CLANG_WARN_RANGE_LOOP_ANALYSIS = YES;
				CLANG_WARN_STRICT_PROTOTYPES = YES;
				CLANG_WARN_SUSPICIOUS_MOVE = YES;
				CLANG_WARN_UNGUARDED_AVAILABILITY = YES_AGGRESSIVE;
				CLANG_WARN_UNREACHABLE_CODE = YES;
				CLANG_WARN__DUPLICATE_METHOD_MATCH = YES;
				CODE_SIGN_IDENTITY = "iPhone Developer";
				COPY_PHASE_STRIP = NO;
				DEBUG_INFORMATION_FORMAT = dwarf;
				ENABLE_STRICT_OBJC_MSGSEND = YES;
				ENABLE_TESTABILITY = YES;
				GCC_C_LANGUAGE_STANDARD = gnu11;
				GCC_DYNAMIC_NO_PIC = NO;
				GCC_NO_COMMON_BLOCKS = YES;
				GCC_OPTIMIZATION_LEVEL = 0;
				GCC_PREPROCESSOR_DEFINITIONS = (
					"DEBUG=1",
					"$(inherited)",
				);
				GCC_WARN_64_TO_32_BIT_CONVERSION = YES;
				GCC_WARN_ABOUT_RETURN_TYPE = YES_ERROR;
				GCC_WARN_UNDECLARED_SELECTOR = YES;
				GCC_WARN_UNINITIALIZED_AUTOS = YES_AGGRESSIVE;
				GCC_WARN_UNUSED_FUNCTION = YES;
				GCC_WARN_UNUSED_VARIABLE = YES;
				IPHONEOS_DEPLOYMENT_TARGET = 11.0;
				MTL_ENABLE_DEBUG_INFO = YES;
				ONLY_ACTIVE_ARCH = YES;
				SDKROOT = iphoneos;
				SWIFT_ACTIVE_COMPILATION_CONDITIONS = DEBUG;
				SWIFT_OPTIMIZATION_LEVEL = "-Onone";
			};
			name = Debug;
		};
		2E806CBE1FA2203C002584D8 /* Release */ = {
			isa = XCBuildConfiguration;
			buildSettings = {
				ALWAYS_SEARCH_USER_PATHS = NO;
				CLANG_ANALYZER_NONNULL = YES;
				CLANG_ANALYZER_NUMBER_OBJECT_CONVERSION = YES_AGGRESSIVE;
				CLANG_CXX_LANGUAGE_STANDARD = "gnu++14";
				CLANG_CXX_LIBRARY = "libc++";
				CLANG_ENABLE_MODULES = YES;
				CLANG_ENABLE_OBJC_ARC = YES;
				CLANG_WARN_BLOCK_CAPTURE_AUTORELEASING = YES;
				CLANG_WARN_BOOL_CONVERSION = YES;
				CLANG_WARN_COMMA = YES;
				CLANG_WARN_CONSTANT_CONVERSION = YES;
				CLANG_WARN_DIRECT_OBJC_ISA_USAGE = YES_ERROR;
				CLANG_WARN_DOCUMENTATION_COMMENTS = YES;
				CLANG_WARN_EMPTY_BODY = YES;
				CLANG_WARN_ENUM_CONVERSION = YES;
				CLANG_WARN_INFINITE_RECURSION = YES;
				CLANG_WARN_INT_CONVERSION = YES;
				CLANG_WARN_NON_LITERAL_NULL_CONVERSION = YES;
				CLANG_WARN_OBJC_LITERAL_CONVERSION = YES;
				CLANG_WARN_OBJC_ROOT_CLASS = YES_ERROR;
				CLANG_WARN_RANGE_LOOP_ANALYSIS = YES;
				CLANG_WARN_STRICT_PROTOTYPES = YES;
				CLANG_WARN_SUSPICIOUS_MOVE = YES;
				CLANG_WARN_UNGUARDED_AVAILABILITY = YES_AGGRESSIVE;
				CLANG_WARN_UNREACHABLE_CODE = YES;
				CLANG_WARN__DUPLICATE_METHOD_MATCH = YES;
				CODE_SIGN_IDENTITY = "iPhone Developer";
				COPY_PHASE_STRIP = NO;
				DEBUG_INFORMATION_FORMAT = "dwarf-with-dsym";
				ENABLE_NS_ASSERTIONS = NO;
				ENABLE_STRICT_OBJC_MSGSEND = YES;
				GCC_C_LANGUAGE_STANDARD = gnu11;
				GCC_NO_COMMON_BLOCKS = YES;
				GCC_WARN_64_TO_32_BIT_CONVERSION = YES;
				GCC_WARN_ABOUT_RETURN_TYPE = YES_ERROR;
				GCC_WARN_UNDECLARED_SELECTOR = YES;
				GCC_WARN_UNINITIALIZED_AUTOS = YES_AGGRESSIVE;
				GCC_WARN_UNUSED_FUNCTION = YES;
				GCC_WARN_UNUSED_VARIABLE = YES;
				IPHONEOS_DEPLOYMENT_TARGET = 11.0;
				MTL_ENABLE_DEBUG_INFO = NO;
				SDKROOT = iphoneos;
				SWIFT_OPTIMIZATION_LEVEL = "-Owholemodule";
				VALIDATE_PRODUCT = YES;
			};
			name = Release;
		};
		2E806CC01FA2203C002584D8 /* Debug */ = {
			isa = XCBuildConfiguration;
			buildSettings = {
				ASSETCATALOG_COMPILER_APPICON_NAME = AppIcon;
				"CODE_SIGN_IDENTITY[sdk=iphoneos*]" = "iPhone Developer";
				CODE_SIGN_STYLE = Automatic;
				DEVELOPMENT_TEAM = X77K8LBKTS;
				INFOPLIST_FILE = "$(SRCROOT)/Mason_CSPAPP/Resource/Info.plist";
				LD_RUNPATH_SEARCH_PATHS = "$(inherited) @executable_path/Frameworks";
				PRODUCT_BUNDLE_IDENTIFIER = "CTEC.Mason-CSPAPP";
				PRODUCT_NAME = "$(TARGET_NAME)";
				PROVISIONING_PROFILE_SPECIFIER = "";
				SWIFT_VERSION = 4.0;
				TARGETED_DEVICE_FAMILY = "1,2";
			};
			name = Debug;
		};
		2E806CC11FA2203C002584D8 /* Release */ = {
			isa = XCBuildConfiguration;
			buildSettings = {
				ASSETCATALOG_COMPILER_APPICON_NAME = AppIcon;
				"CODE_SIGN_IDENTITY[sdk=iphoneos*]" = "iPhone Developer";
				CODE_SIGN_STYLE = Automatic;
				DEVELOPMENT_TEAM = X77K8LBKTS;
				INFOPLIST_FILE = "$(SRCROOT)/Mason_CSPAPP/Resource/Info.plist";
				LD_RUNPATH_SEARCH_PATHS = "$(inherited) @executable_path/Frameworks";
				PRODUCT_BUNDLE_IDENTIFIER = "CTEC.Mason-CSPAPP";
				PRODUCT_NAME = "$(TARGET_NAME)";
				PROVISIONING_PROFILE_SPECIFIER = "";
				SWIFT_VERSION = 4.0;
				TARGETED_DEVICE_FAMILY = "1,2";
			};
			name = Release;
		};
		2E806CC31FA2203C002584D8 /* Debug */ = {
			isa = XCBuildConfiguration;
			buildSettings = {
				ALWAYS_EMBED_SWIFT_STANDARD_LIBRARIES = YES;
				BUNDLE_LOADER = "$(TEST_HOST)";
				CODE_SIGN_STYLE = Automatic;
				INFOPLIST_FILE = Mason_CSPAPPTests/Info.plist;
				LD_RUNPATH_SEARCH_PATHS = "$(inherited) @executable_path/Frameworks @loader_path/Frameworks";
				PRODUCT_BUNDLE_IDENTIFIER = "CTEC.Mason-CSPAPPTests";
				PRODUCT_NAME = "$(TARGET_NAME)";
				SWIFT_VERSION = 4.0;
				TARGETED_DEVICE_FAMILY = "1,2";
				TEST_HOST = "$(BUILT_PRODUCTS_DIR)/Mason_CSPAPP.app/Mason_CSPAPP";
			};
			name = Debug;
		};
		2E806CC41FA2203C002584D8 /* Release */ = {
			isa = XCBuildConfiguration;
			buildSettings = {
				ALWAYS_EMBED_SWIFT_STANDARD_LIBRARIES = YES;
				BUNDLE_LOADER = "$(TEST_HOST)";
				CODE_SIGN_STYLE = Automatic;
				INFOPLIST_FILE = Mason_CSPAPPTests/Info.plist;
				LD_RUNPATH_SEARCH_PATHS = "$(inherited) @executable_path/Frameworks @loader_path/Frameworks";
				PRODUCT_BUNDLE_IDENTIFIER = "CTEC.Mason-CSPAPPTests";
				PRODUCT_NAME = "$(TARGET_NAME)";
				SWIFT_VERSION = 4.0;
				TARGETED_DEVICE_FAMILY = "1,2";
				TEST_HOST = "$(BUILT_PRODUCTS_DIR)/Mason_CSPAPP.app/Mason_CSPAPP";
			};
			name = Release;
		};
		2E806CC61FA2203C002584D8 /* Debug */ = {
			isa = XCBuildConfiguration;
			buildSettings = {
				ALWAYS_EMBED_SWIFT_STANDARD_LIBRARIES = YES;
				CODE_SIGN_STYLE = Automatic;
				INFOPLIST_FILE = Mason_CSPAPPUITests/Info.plist;
				LD_RUNPATH_SEARCH_PATHS = "$(inherited) @executable_path/Frameworks @loader_path/Frameworks";
				PRODUCT_BUNDLE_IDENTIFIER = "CTEC.Mason-CSPAPPUITests";
				PRODUCT_NAME = "$(TARGET_NAME)";
				SWIFT_VERSION = 4.0;
				TARGETED_DEVICE_FAMILY = "1,2";
				TEST_TARGET_NAME = Mason_CSPAPP;
			};
			name = Debug;
		};
		2E806CC71FA2203C002584D8 /* Release */ = {
			isa = XCBuildConfiguration;
			buildSettings = {
				ALWAYS_EMBED_SWIFT_STANDARD_LIBRARIES = YES;
				CODE_SIGN_STYLE = Automatic;
				INFOPLIST_FILE = Mason_CSPAPPUITests/Info.plist;
				LD_RUNPATH_SEARCH_PATHS = "$(inherited) @executable_path/Frameworks @loader_path/Frameworks";
				PRODUCT_BUNDLE_IDENTIFIER = "CTEC.Mason-CSPAPPUITests";
				PRODUCT_NAME = "$(TARGET_NAME)";
				SWIFT_VERSION = 4.0;
				TARGETED_DEVICE_FAMILY = "1,2";
				TEST_TARGET_NAME = Mason_CSPAPP;
			};
			name = Release;
		};
/* End XCBuildConfiguration section */

/* Begin XCConfigurationList section */
		2E806C921FA2203C002584D8 /* Build configuration list for PBXProject "Mason_CSPAPP" */ = {
			isa = XCConfigurationList;
			buildConfigurations = (
				2E806CBD1FA2203C002584D8 /* Debug */,
				2E806CBE1FA2203C002584D8 /* Release */,
			);
			defaultConfigurationIsVisible = 0;
			defaultConfigurationName = Release;
		};
		2E806CBF1FA2203C002584D8 /* Build configuration list for PBXNativeTarget "Mason_CSPAPP" */ = {
			isa = XCConfigurationList;
			buildConfigurations = (
				2E806CC01FA2203C002584D8 /* Debug */,
				2E806CC11FA2203C002584D8 /* Release */,
			);
			defaultConfigurationIsVisible = 0;
			defaultConfigurationName = Release;
		};
		2E806CC21FA2203C002584D8 /* Build configuration list for PBXNativeTarget "Mason_CSPAPPTests" */ = {
			isa = XCConfigurationList;
			buildConfigurations = (
				2E806CC31FA2203C002584D8 /* Debug */,
				2E806CC41FA2203C002584D8 /* Release */,
			);
			defaultConfigurationIsVisible = 0;
			defaultConfigurationName = Release;
		};
		2E806CC51FA2203C002584D8 /* Build configuration list for PBXNativeTarget "Mason_CSPAPPUITests" */ = {
			isa = XCConfigurationList;
			buildConfigurations = (
				2E806CC61FA2203C002584D8 /* Debug */,
				2E806CC71FA2203C002584D8 /* Release */,
			);
			defaultConfigurationIsVisible = 0;
			defaultConfigurationName = Release;
		};
/* End XCConfigurationList section */
	};
	rootObject = 2E806C8F1FA2203C002584D8 /* Project object */;
}
