// !$*UTF8*$!
{
	archiveVersion = 1;
	classes = {
	};
	objectVersion = 48;
	objects = {

/* Begin PBXBuildFile section */
		2E806C9B1FA2203C002584D8 /* AppDelegate.swift in Sources */ = {isa = PBXBuildFile; fileRef = 2E806C9A1FA2203C002584D8 /* AppDelegate.swift */; };
		2E806C9D1FA2203C002584D8 /* ViewController.swift in Sources */ = {isa = PBXBuildFile; fileRef = 2E806C9C1FA2203C002584D8 /* ViewController.swift */; };
		2E806CA01FA2203C002584D8 /* Main.storyboard in Resources */ = {isa = PBXBuildFile; fileRef = 2E806C9E1FA2203C002584D8 /* Main.storyboard */; };
		2E806CA21FA2203C002584D8 /* Assets.xcassets in Resources */ = {isa = PBXBuildFile; fileRef = 2E806CA11FA2203C002584D8 /* Assets.xcassets */; };
		2E806CA51FA2203C002584D8 /* LaunchScreen.storyboard in Resources */ = {isa = PBXBuildFile; fileRef = 2E806CA31FA2203C002584D8 /* LaunchScreen.storyboard */; };
/* End PBXBuildFile section */

/* Begin PBXContainerItemProxy section */
		2E806CAC1FA2203C002584D8 /* PBXContainerItemProxy */ = {
			isa = PBXContainerItemProxy;
			containerPortal = 2E806C8F1FA2203C002584D8 /* Project object */;
			proxyType = 1;
			remoteGlobalIDString = 2E806C961FA2203C002584D8;
			remoteInfo = Mason_CSPAPP;
		};
		2E806CB71FA2203C002584D8 /* PBXContainerItemProxy */ = {
			isa = PBXContainerItemProxy;
			containerPortal = 2E806C8F1FA2203C002584D8 /* Project object */;
			proxyType = 1;
			remoteGlobalIDString = 2E806C961FA2203C002584D8;
			remoteInfo = Mason_CSPAPP;
		};
/* End PBXContainerItemProxy section */

/* Begin PBXFileReference section */
		2E806C971FA2203C002584D8 /* Mason_CSPAPP.app */ = {isa = PBXFileReference; explicitFileType = wrapper.application; includeInIndex = 0; path = Mason_CSPAPP.app; sourceTree = BUILT_PRODUCTS_DIR; };
		2E806C9A1FA2203C002584D8 /* AppDelegate.swift */ = {isa = PBXFileReference; lastKnownFileType = sourcecode.swift; path = AppDelegate.swift; sourceTree = "<group>"; };
		2E806C9C1FA2203C002584D8 /* ViewController.swift */ = {isa = PBXFileReference; lastKnownFileType = sourcecode.swift; path = ViewController.swift; sourceTree = "<group>"; };
		2E806C9F1FA2203C002584D8 /* Base */ = {isa = PBXFileReference; lastKnownFileType = file.storyboard; name = Base; path = Base.lproj/Main.storyboard; sourceTree = "<group>"; };
		2E806CA11FA2203C002584D8 /* Assets.xcassets */ = {isa = PBXFileReference; lastKnownFileType = folder.assetcatalog; path = Assets.xcassets; sourceTree = "<group>"; };
		2E806CA41FA2203C002584D8 /* Base */ = {isa = PBXFileReference; lastKnownFileType = file.storyboard; name = Base; path = Base.lproj/LaunchScreen.storyboard; sourceTree = "<group>"; };
		2E806CA61FA2203C002584D8 /* Info.plist */ = {isa = PBXFileReference; lastKnownFileType = text.plist.xml; path = Info.plist; sourceTree = "<group>"; };
		2E806CAB1FA2203C002584D8 /* Mason_CSPAPPTests.xctest */ = {isa = PBXFileReference; explicitFileType = wrapper.cfbundle; includeInIndex = 0; path = Mason_CSPAPPTests.xctest; sourceTree = BUILT_PRODUCTS_DIR; };
		2E806CB61FA2203C002584D8 /* Mason_CSPAPPUITests.xctest */ = {isa = PBXFileReference; explicitFileType = wrapper.cfbundle; includeInIndex = 0; path = Mason_CSPAPPUITests.xctest; sourceTree = BUILT_PRODUCTS_DIR; };
/* End PBXFileReference section */

/* Begin PBXFrameworksBuildPhase section */
		2E806C941FA2203C002584D8 /* Frameworks */ = {
			isa = PBXFrameworksBuildPhase;
			buildActionMask = 2147483647;
			files = (
			);
			runOnlyForDeploymentPostprocessing = 0;
		};
		2E806CA81FA2203C002584D8 /* Frameworks */ = {
			isa = PBXFrameworksBuildPhase;
			buildActionMask = 2147483647;
			files = (
			);
			runOnlyForDeploymentPostprocessing = 0;
		};
		2E806CB31FA2203C002584D8 /* Frameworks */ = {
			isa = PBXFrameworksBuildPhase;
			buildActionMask = 2147483647;
			files = (
			);
			runOnlyForDeploymentPostprocessing = 0;
		};
/* End PBXFrameworksBuildPhase section */

/* Begin PBXGroup section */
		2E806C8E1FA2203C002584D8 = {
			isa = PBXGroup;
			children = (
				2E806C991FA2203C002584D8 /* Mason_CSPAPP */,
				2E806C981FA2203C002584D8 /* Products */,
			);
			sourceTree = "<group>";
		};
		2E806C981FA2203C002584D8 /* Products */ = {
			isa = PBXGroup;
			children = (
				2E806C971FA2203C002584D8 /* Mason_CSPAPP.app */,
				2E806CAB1FA2203C002584D8 /* Mason_CSPAPPTests.xctest */,
				2E806CB61FA2203C002584D8 /* Mason_CSPAPPUITests.xctest */,
			);
			name = Products;
			sourceTree = "<group>";
		};
		2E806C991FA2203C002584D8 /* Mason_CSPAPP */ = {
			isa = PBXGroup;
			children = (
				2E806CCC1FA220C8002584D8 /* Model */,
				2E806CC81FA2206B002584D8 /* Controller */,
				2E806CC91FA22075002584D8 /* View */,
				2E806CCA1FA22081002584D8 /* Resource */,
			);
			path = Mason_CSPAPP;
			sourceTree = "<group>";
		};
		2E806CC81FA2206B002584D8 /* Controller */ = {
			isa = PBXGroup;
			children = (
				2E806C9A1FA2203C002584D8 /* AppDelegate.swift */,
				2E806C9C1FA2203C002584D8 /* ViewController.swift */,
			);
			path = Controller;
			sourceTree = "<group>";
		};
		2E806CC91FA22075002584D8 /* View */ = {
			isa = PBXGroup;
			children = (
				2E806C9E1FA2203C002584D8 /* Main.storyboard */,
				2E806CA31FA2203C002584D8 /* LaunchScreen.storyboard */,
			);
			path = View;
			sourceTree = "<group>";
		};
		2E806CCA1FA22081002584D8 /* Resource */ = {
			isa = PBXGroup;
			children = (
				2E806CA11FA2203C002584D8 /* Assets.xcassets */,
				2E806CA61FA2203C002584D8 /* Info.plist */,
			);
			path = Resource;
			sourceTree = "<group>";
		};
		2E806CCC1FA220C8002584D8 /* Model */ = {
			isa = PBXGroup;
			children = (
			);
			path = Model;
			sourceTree = "<group>";
		};
/* End PBXGroup section */

/* Begin PBXNativeTarget section */
		2E806C961FA2203C002584D8 /* Mason_CSPAPP */ = {
			isa = PBXNativeTarget;
			buildConfigurationList = 2E806CBF1FA2203C002584D8 /* Build configuration list for PBXNativeTarget "Mason_CSPAPP" */;
			buildPhases = (
				2E806C931FA2203C002584D8 /* Sources */,
				2E806C941FA2203C002584D8 /* Frameworks */,
				2E806C951FA2203C002584D8 /* Resources */,
			);
			buildRules = (
			);
			dependencies = (
			);
			name = Mason_CSPAPP;
			productName = Mason_CSPAPP;
			productReference = 2E806C971FA2203C002584D8 /* Mason_CSPAPP.app */;
			productType = "com.apple.product-type.application";
		};
		2E806CAA1FA2203C002584D8 /* Mason_CSPAPPTests */ = {
			isa = PBXNativeTarget;
			buildConfigurationList = 2E806CC21FA2203C002584D8 /* Build configuration list for PBXNativeTarget "Mason_CSPAPPTests" */;
			buildPhases = (
				2E806CA71FA2203C002584D8 /* Sources */,
				2E806CA81FA2203C002584D8 /* Frameworks */,
				2E806CA91FA2203C002584D8 /* Resources */,
			);
			buildRules = (
			);
			dependencies = (
				2E806CAD1FA2203C002584D8 /* PBXTargetDependency */,
			);
			name = Mason_CSPAPPTests;
			productName = Mason_CSPAPPTests;
			productReference = 2E806CAB1FA2203C002584D8 /* Mason_CSPAPPTests.xctest */;
			productType = "com.apple.product-type.bundle.unit-test";
		};
		2E806CB51FA2203C002584D8 /* Mason_CSPAPPUITests */ = {
			isa = PBXNativeTarget;
			buildConfigurationList = 2E806CC51FA2203C002584D8 /* Build configuration list for PBXNativeTarget "Mason_CSPAPPUITests" */;
			buildPhases = (
				2E806CB21FA2203C002584D8 /* Sources */,
				2E806CB31FA2203C002584D8 /* Frameworks */,
				2E806CB41FA2203C002584D8 /* Resources */,
			);
			buildRules = (
			);
			dependencies = (
				2E806CB81FA2203C002584D8 /* PBXTargetDependency */,
			);
			name = Mason_CSPAPPUITests;
			productName = Mason_CSPAPPUITests;
			productReference = 2E806CB61FA2203C002584D8 /* Mason_CSPAPPUITests.xctest */;
			productType = "com.apple.product-type.bundle.ui-testing";
		};
/* End PBXNativeTarget section */

/* Begin PBXProject section */
		2E806C8F1FA2203C002584D8 /* Project object */ = {
			isa = PBXProject;
			attributes = {
				LastSwiftUpdateCheck = 0900;
				LastUpgradeCheck = 0900;
				ORGANIZATIONNAME = "Childers, Mason";
				TargetAttributes = {
					2E806C961FA2203C002584D8 = {
						CreatedOnToolsVersion = 9.0;
						ProvisioningStyle = Automatic;
					};
					2E806CAA1FA2203C002584D8 = {
						CreatedOnToolsVersion = 9.0;
						ProvisioningStyle = Automatic;
						TestTargetID = 2E806C961FA2203C002584D8;
					};
					2E806CB51FA2203C002584D8 = {
						CreatedOnToolsVersion = 9.0;
						ProvisioningStyle = Automatic;
						TestTargetID = 2E806C961FA2203C002584D8;
					};
				};
			};
			buildConfigurationList = 2E806C921FA2203C002584D8 /* Build configuration list for PBXProject "Mason_CSPAPP" */;
			compatibilityVersion = "Xcode 8.0";
			developmentRegion = en;
			hasScannedForEncodings = 0;
			knownRegions = (
				en,
				Base,
			);
			mainGroup = 2E806C8E1FA2203C002584D8;
			productRefGroup = 2E806C981FA2203C002584D8 /* Products */;
			projectDirPath = "";
			projectRoot = "";
			targets = (
				2E806C961FA2203C002584D8 /* Mason_CSPAPP */,
				2E806CAA1FA2203C002584D8 /* Mason_CSPAPPTests */,
				2E806CB51FA2203C002584D8 /* Mason_CSPAPPUITests */,
			);
		};
/* End PBXProject section */

/* Begin PBXResourcesBuildPhase section */
		2E806C951FA2203C002584D8 /* Resources */ = {
			isa = PBXResourcesBuildPhase;
			buildActionMask = 2147483647;
			files = (
				2E806CA51FA2203C002584D8 /* LaunchScreen.storyboard in Resources */,
				2E806CA21FA2203C002584D8 /* Assets.xcassets in Resources */,
				2E806CA01FA2203C002584D8 /* Main.storyboard in Resources */,
			);
			runOnlyForDeploymentPostprocessing = 0;
		};
		2E806CA91FA2203C002584D8 /* Resources */ = {
			isa = PBXResourcesBuildPhase;
			buildActionMask = 2147483647;
			files = (
			);
			runOnlyForDeploymentPostprocessing = 0;
		};
		2E806CB41FA2203C002584D8 /* Resources */ = {
			isa = PBXResourcesBuildPhase;
			buildActionMask = 2147483647;
			files = (
			);
			runOnlyForDeploymentPostprocessing = 0;
		};
/* End PBXResourcesBuildPhase section */

/* Begin PBXSourcesBuildPhase section */
		2E806C931FA2203C002584D8 /* Sources */ = {
			isa = PBXSourcesBuildPhase;
			buildActionMask = 2147483647;
			files = (
				2E806C9D1FA2203C002584D8 /* ViewController.swift in Sources */,
				2E806C9B1FA2203C002584D8 /* AppDelegate.swift in Sources */,
			);
			runOnlyForDeploymentPostprocessing = 0;
		};
		2E806CA71FA2203C002584D8 /* Sources */ = {
			isa = PBXSourcesBuildPhase;
			buildActionMask = 2147483647;
			files = (
			);
			runOnlyForDeploymentPostprocessing = 0;
		};
		2E806CB21FA2203C002584D8 /* Sources */ = {
			isa = PBXSourcesBuildPhase;
			buildActionMask = 2147483647;
			files = (
			);
			runOnlyForDeploymentPostprocessing = 0;
		};
/* End PBXSourcesBuildPhase section */

/* Begin PBXTargetDependency section */
		2E806CAD1FA2203C002584D8 /* PBXTargetDependency */ = {
			isa = PBXTargetDependency;
			target = 2E806C961FA2203C002584D8 /* Mason_CSPAPP */;
			targetProxy = 2E806CAC1FA2203C002584D8 /* PBXContainerItemProxy */;
		};
		2E806CB81FA2203C002584D8 /* PBXTargetDependency */ = {
			isa = PBXTargetDependency;
			target = 2E806C961FA2203C002584D8 /* Mason_CSPAPP */;
			targetProxy = 2E806CB71FA2203C002584D8 /* PBXContainerItemProxy */;
		};
/* End PBXTargetDependency section */

/* Begin PBXVariantGroup section */
		2E806C9E1FA2203C002584D8 /* Main.storyboard */ = {
			isa = PBXVariantGroup;
			children = (
				2E806C9F1FA2203C002584D8 /* Base */,
			);
			name = Main.storyboard;
			sourceTree = "<group>";
		};
		2E806CA31FA2203C002584D8 /* LaunchScreen.storyboard */ = {
			isa = PBXVariantGroup;
			children = (
				2E806CA41FA2203C002584D8 /* Base */,
			);
			name = LaunchScreen.storyboard;
			sourceTree = "<group>";
		};
/* End PBXVariantGroup section */

/* Begin XCBuildConfiguration section */
		2E806CBD1FA2203C002584D8 /* Debug */ = {
			isa = XCBuildConfiguration;
			buildSettings = {
				ALWAYS_SEARCH_USER_PATHS = NO;
				CLANG_ANALYZER_NONNULL = YES;
				CLANG_ANALYZER_NUMBER_OBJECT_CONVERSION = YES_AGGRESSIVE;
				CLANG_CXX_LANGUAGE_STANDARD = "gnu++14";
				CLANG_CXX_LIBRARY = "libc++";
				CLANG_ENABLE_MODULES = YES;
				CLANG_ENABLE_OBJC_ARC = YES;
				CLANG_WARN_BLOCK_CAPTURE_AUTORELEASING = YES;
				CLANG_WARN_BOOL_CONVERSION = YES;
				CLANG_WARN_COMMA = YES;
				CLANG_WARN_CONSTANT_CONVERSION = YES;
				CLANG_WARN_DIRECT_OBJC_ISA_USAGE = YES_ERROR;
				CLANG_WARN_DOCUMENTATION_COMMENTS = YES;
				CLANG_WARN_EMPTY_BODY = YES;
				CLANG_WARN_ENUM_CONVERSION = YES;
				CLANG_WARN_INFINITE_RECURSION = YES;
				CLANG_WARN_INT_CONVERSION = YES;
				CLANG_WARN_NON_LITERAL_NULL_CONVERSION = YES;
				CLANG_WARN_OBJC_LITERAL_CONVERSION = YES;
				CLANG_WARN_OBJC_ROOT_CLASS = YES_ERROR;
				CLANG_WARN_RANGE_LOOP_ANALYSIS = YES;
				CLANG_WARN_STRICT_PROTOTYPES = YES;
				CLANG_WARN_SUSPICIOUS_MOVE = YES;
				CLANG_WARN_UNGUARDED_AVAILABILITY = YES_AGGRESSIVE;
				CLANG_WARN_UNREACHABLE_CODE = YES;
				CLANG_WARN__DUPLICATE_METHOD_MATCH = YES;
				CODE_SIGN_IDENTITY = "iPhone Developer";
				COPY_PHASE_STRIP = NO;
				DEBUG_INFORMATION_FORMAT = dwarf;
				ENABLE_STRICT_OBJC_MSGSEND = YES;
				ENABLE_TESTABILITY = YES;
				GCC_C_LANGUAGE_STANDARD = gnu11;
				GCC_DYNAMIC_NO_PIC = NO;
				GCC_NO_COMMON_BLOCKS = YES;
				GCC_OPTIMIZATION_LEVEL = 0;
				GCC_PREPROCESSOR_DEFINITIONS = (
					"DEBUG=1",
					"$(inherited)",
				);
				GCC_WARN_64_TO_32_BIT_CONVERSION = YES;
				GCC_WARN_ABOUT_RETURN_TYPE = YES_ERROR;
				GCC_WARN_UNDECLARED_SELECTOR = YES;
				GCC_WARN_UNINITIALIZED_AUTOS = YES_AGGRESSIVE;
				GCC_WARN_UNUSED_FUNCTION = YES;
				GCC_WARN_UNUSED_VARIABLE = YES;
				IPHONEOS_DEPLOYMENT_TARGET = 11.0;
				MTL_ENABLE_DEBUG_INFO = YES;
				ONLY_ACTIVE_ARCH = YES;
				SDKROOT = iphoneos;
				SWIFT_ACTIVE_COMPILATION_CONDITIONS = DEBUG;
				SWIFT_OPTIMIZATION_LEVEL = "-Onone";
			};
			name = Debug;
		};
		2E806CBE1FA2203C002584D8 /* Release */ = {
			isa = XCBuildConfiguration;
			buildSettings = {
				ALWAYS_SEARCH_USER_PATHS = NO;
				CLANG_ANALYZER_NONNULL = YES;
				CLANG_ANALYZER_NUMBER_OBJECT_CONVERSION = YES_AGGRESSIVE;
				CLANG_CXX_LANGUAGE_STANDARD = "gnu++14";
				CLANG_CXX_LIBRARY = "libc++";
				CLANG_ENABLE_MODULES = YES;
				CLANG_ENABLE_OBJC_ARC = YES;
				CLANG_WARN_BLOCK_CAPTURE_AUTORELEASING = YES;
				CLANG_WARN_BOOL_CONVERSION = YES;
				CLANG_WARN_COMMA = YES;
				CLANG_WARN_CONSTANT_CONVERSION = YES;
				CLANG_WARN_DIRECT_OBJC_ISA_USAGE = YES_ERROR;
				CLANG_WARN_DOCUMENTATION_COMMENTS = YES;
				CLANG_WARN_EMPTY_BODY = YES;
				CLANG_WARN_ENUM_CONVERSION = YES;
				CLANG_WARN_INFINITE_RECURSION = YES;
				CLANG_WARN_INT_CONVERSION = YES;
				CLANG_WARN_NON_LITERAL_NULL_CONVERSION = YES;
				CLANG_WARN_OBJC_LITERAL_CONVERSION = YES;
				CLANG_WARN_OBJC_ROOT_CLASS = YES_ERROR;
				CLANG_WARN_RANGE_LOOP_ANALYSIS = YES;
				CLANG_WARN_STRICT_PROTOTYPES = YES;
				CLANG_WARN_SUSPICIOUS_MOVE = YES;
				CLANG_WARN_UNGUARDED_AVAILABILITY = YES_AGGRESSIVE;
				CLANG_WARN_UNREACHABLE_CODE = YES;
				CLANG_WARN__DUPLICATE_METHOD_MATCH = YES;
				CODE_SIGN_IDENTITY = "iPhone Developer";
				COPY_PHASE_STRIP = NO;
				DEBUG_INFORMATION_FORMAT = "dwarf-with-dsym";
				ENABLE_NS_ASSERTIONS = NO;
				ENABLE_STRICT_OBJC_MSGSEND = YES;
				GCC_C_LANGUAGE_STANDARD = gnu11;
				GCC_NO_COMMON_BLOCKS = YES;
				GCC_WARN_64_TO_32_BIT_CONVERSION = YES;
				GCC_WARN_ABOUT_RETURN_TYPE = YES_ERROR;
				GCC_WARN_UNDECLARED_SELECTOR = YES;
				GCC_WARN_UNINITIALIZED_AUTOS = YES_AGGRESSIVE;
				GCC_WARN_UNUSED_FUNCTION = YES;
				GCC_WARN_UNUSED_VARIABLE = YES;
				IPHONEOS_DEPLOYMENT_TARGET = 11.0;
				MTL_ENABLE_DEBUG_INFO = NO;
				SDKROOT = iphoneos;
				SWIFT_OPTIMIZATION_LEVEL = "-Owholemodule";
				VALIDATE_PRODUCT = YES;
			};
			name = Release;
		};
		2E806CC01FA2203C002584D8 /* Debug */ = {
			isa = XCBuildConfiguration;
			buildSettings = {
				ASSETCATALOG_COMPILER_APPICON_NAME = AppIcon;
				CODE_SIGN_STYLE = Automatic;
				INFOPLIST_FILE = Mason_CSPAPP/Info.plist;
				LD_RUNPATH_SEARCH_PATHS = "$(inherited) @executable_path/Frameworks";
				PRODUCT_BUNDLE_IDENTIFIER = "CTEC.Mason-CSPAPP";
				PRODUCT_NAME = "$(TARGET_NAME)";
				SWIFT_VERSION = 4.0;
				TARGETED_DEVICE_FAMILY = "1,2";
			};
			name = Debug;
		};
		2E806CC11FA2203C002584D8 /* Release */ = {
			isa = XCBuildConfiguration;
			buildSettings = {
				ASSETCATALOG_COMPILER_APPICON_NAME = AppIcon;
				CODE_SIGN_STYLE = Automatic;
				INFOPLIST_FILE = Mason_CSPAPP/Info.plist;
				LD_RUNPATH_SEARCH_PATHS = "$(inherited) @executable_path/Frameworks";
				PRODUCT_BUNDLE_IDENTIFIER = "CTEC.Mason-CSPAPP";
				PRODUCT_NAME = "$(TARGET_NAME)";
				SWIFT_VERSION = 4.0;
				TARGETED_DEVICE_FAMILY = "1,2";
			};
			name = Release;
		};
		2E806CC31FA2203C002584D8 /* Debug */ = {
			isa = XCBuildConfiguration;
			buildSettings = {
				ALWAYS_EMBED_SWIFT_STANDARD_LIBRARIES = YES;
				BUNDLE_LOADER = "$(TEST_HOST)";
				CODE_SIGN_STYLE = Automatic;
				INFOPLIST_FILE = Mason_CSPAPPTests/Info.plist;
				LD_RUNPATH_SEARCH_PATHS = "$(inherited) @executable_path/Frameworks @loader_path/Frameworks";
				PRODUCT_BUNDLE_IDENTIFIER = "CTEC.Mason-CSPAPPTests";
				PRODUCT_NAME = "$(TARGET_NAME)";
				SWIFT_VERSION = 4.0;
				TARGETED_DEVICE_FAMILY = "1,2";
				TEST_HOST = "$(BUILT_PRODUCTS_DIR)/Mason_CSPAPP.app/Mason_CSPAPP";
			};
			name = Debug;
		};
		2E806CC41FA2203C002584D8 /* Release */ = {
			isa = XCBuildConfiguration;
			buildSettings = {
				ALWAYS_EMBED_SWIFT_STANDARD_LIBRARIES = YES;
				BUNDLE_LOADER = "$(TEST_HOST)";
				CODE_SIGN_STYLE = Automatic;
				INFOPLIST_FILE = Mason_CSPAPPTests/Info.plist;
				LD_RUNPATH_SEARCH_PATHS = "$(inherited) @executable_path/Frameworks @loader_path/Frameworks";
				PRODUCT_BUNDLE_IDENTIFIER = "CTEC.Mason-CSPAPPTests";
				PRODUCT_NAME = "$(TARGET_NAME)";
				SWIFT_VERSION = 4.0;
				TARGETED_DEVICE_FAMILY = "1,2";
				TEST_HOST = "$(BUILT_PRODUCTS_DIR)/Mason_CSPAPP.app/Mason_CSPAPP";
			};
			name = Release;
		};
		2E806CC61FA2203C002584D8 /* Debug */ = {
			isa = XCBuildConfiguration;
			buildSettings = {
				ALWAYS_EMBED_SWIFT_STANDARD_LIBRARIES = YES;
				CODE_SIGN_STYLE = Automatic;
				INFOPLIST_FILE = Mason_CSPAPPUITests/Info.plist;
				LD_RUNPATH_SEARCH_PATHS = "$(inherited) @executable_path/Frameworks @loader_path/Frameworks";
				PRODUCT_BUNDLE_IDENTIFIER = "CTEC.Mason-CSPAPPUITests";
				PRODUCT_NAME = "$(TARGET_NAME)";
				SWIFT_VERSION = 4.0;
				TARGETED_DEVICE_FAMILY = "1,2";
				TEST_TARGET_NAME = Mason_CSPAPP;
			};
			name = Debug;
		};
		2E806CC71FA2203C002584D8 /* Release */ = {
			isa = XCBuildConfiguration;
			buildSettings = {
				ALWAYS_EMBED_SWIFT_STANDARD_LIBRARIES = YES;
				CODE_SIGN_STYLE = Automatic;
				INFOPLIST_FILE = Mason_CSPAPPUITests/Info.plist;
				LD_RUNPATH_SEARCH_PATHS = "$(inherited) @executable_path/Frameworks @loader_path/Frameworks";
				PRODUCT_BUNDLE_IDENTIFIER = "CTEC.Mason-CSPAPPUITests";
				PRODUCT_NAME = "$(TARGET_NAME)";
				SWIFT_VERSION = 4.0;
				TARGETED_DEVICE_FAMILY = "1,2";
				TEST_TARGET_NAME = Mason_CSPAPP;
			};
			name = Release;
		};
/* End XCBuildConfiguration section */

/* Begin XCConfigurationList section */
		2E806C921FA2203C002584D8 /* Build configuration list for PBXProject "Mason_CSPAPP" */ = {
			isa = XCConfigurationList;
			buildConfigurations = (
				2E806CBD1FA2203C002584D8 /* Debug */,
				2E806CBE1FA2203C002584D8 /* Release */,
			);
			defaultConfigurationIsVisible = 0;
			defaultConfigurationName = Release;
		};
		2E806CBF1FA2203C002584D8 /* Build configuration list for PBXNativeTarget "Mason_CSPAPP" */ = {
			isa = XCConfigurationList;
			buildConfigurations = (
				2E806CC01FA2203C002584D8 /* Debug */,
				2E806CC11FA2203C002584D8 /* Release */,
			);
			defaultConfigurationIsVisible = 0;
			defaultConfigurationName = Release;
		};
		2E806CC21FA2203C002584D8 /* Build configuration list for PBXNativeTarget "Mason_CSPAPPTests" */ = {
			isa = XCConfigurationList;
			buildConfigurations = (
				2E806CC31FA2203C002584D8 /* Debug */,
				2E806CC41FA2203C002584D8 /* Release */,
			);
			defaultConfigurationIsVisible = 0;
			defaultConfigurationName = Release;
		};
		2E806CC51FA2203C002584D8 /* Build configuration list for PBXNativeTarget "Mason_CSPAPPUITests" */ = {
			isa = XCConfigurationList;
			buildConfigurations = (
				2E806CC61FA2203C002584D8 /* Debug */,
				2E806CC71FA2203C002584D8 /* Release */,
			);
			defaultConfigurationIsVisible = 0;
			defaultConfigurationName = Release;
		};
/* End XCConfigurationList section */
	};
	rootObject = 2E806C8F1FA2203C002584D8 /* Project object */;
}
